{
  "name": "mumble-api",
  "version": "1.0.0",
  "lockfileVersion": 1,
  "requires": true,
  "dependencies": {
    "@types/node": {
      "version": "12.12.7",
      "resolved": "https://registry.npmjs.org/@types/node/-/node-12.12.7.tgz",
      "integrity": "sha512-E6Zn0rffhgd130zbCbAr/JdXfXkoOUFAKNs/rF8qnafSJ8KYaA/j3oz7dcwal+lYjLA7xvdd5J4wdYpCTlP8+w=="
    },
    "ice": {
      "version": "3.7.3",
      "resolved": "https://registry.npmjs.org/ice/-/ice-3.7.3.tgz",
      "integrity": "sha512-5huxJoj5R7VUH9AXd02JPiFGAuaTvAC9ALVM7+XPi6Uw5DlLq4feilOk3dPHL4a50LvuWEBFg2A5JjuO4gx7dA=="
    }
  }
}
